
Microsoft Visual Studio Solution File, Format Version 12.00
# Visual Studio 15
VisualStudioVersion = 15.0.28010.2041
MinimumVisualStudioVersion = 10.0.40219.1
Project("{FAE04EC0-301F-11D3-BF4B-00C04F79EFBC}") = "Holidays", "BrazilianHolidays\Holidays.csproj", "{7D65533A-D544-4C24-ACD1-2E287E9B1D18}"
EndProject
Project("{FAE04EC0-301F-11D3-BF4B-00C04F79EFBC}") = "Holidays.Tests", "BrazilianHolidays.Tests\Holidays.Tests.csproj", "{F9B062A7-8C6E-4614-95AA-893FC54CFF59}"
EndProject
Global
	GlobalSection(SolutionConfigurationPlatforms) = preSolution
		Debug|Any CPU = Debug|Any CPU
		net40|Any CPU = net40|Any CPU
		net45|Any CPU = net45|Any CPU
		net451|Any CPU = net451|Any CPU
		Release|Any CPU = Release|Any CPU
	EndGlobalSection
	GlobalSection(ProjectConfigurationPlatforms) = postSolution
		{7D65533A-D544-4C24-ACD1-2E287E9B1D18}.Debug|Any CPU.ActiveCfg = Debug|Any CPU
		{7D65533A-D544-4C24-ACD1-2E287E9B1D18}.Debug|Any CPU.Build.0 = Debug|Any CPU
		{7D65533A-D544-4C24-ACD1-2E287E9B1D18}.net40|Any CPU.ActiveCfg = net40|Any CPU
		{7D65533A-D544-4C24-ACD1-2E287E9B1D18}.net40|Any CPU.Build.0 = net40|Any CPU
		{7D65533A-D544-4C24-ACD1-2E287E9B1D18}.net45|Any CPU.ActiveCfg = Release-NET45|Any CPU
		{7D65533A-D544-4C24-ACD1-2E287E9B1D18}.net45|Any CPU.Build.0 = Release-NET45|Any CPU
		{7D65533A-D544-4C24-ACD1-2E287E9B1D18}.net451|Any CPU.ActiveCfg = net451|Any CPU
		{7D65533A-D544-4C24-ACD1-2E287E9B1D18}.net451|Any CPU.Build.0 = net451|Any CPU
		{7D65533A-D544-4C24-ACD1-2E287E9B1D18}.Release|Any CPU.ActiveCfg = Release|Any CPU
		{7D65533A-D544-4C24-ACD1-2E287E9B1D18}.Release|Any CPU.Build.0 = Release|Any CPU
		{F9B062A7-8C6E-4614-95AA-893FC54CFF59}.Debug|Any CPU.ActiveCfg = Debug|Any CPU
		{F9B062A7-8C6E-4614-95AA-893FC54CFF59}.Debug|Any CPU.Build.0 = Debug|Any CPU
		{F9B062A7-8C6E-4614-95AA-893FC54CFF59}.net40|Any CPU.ActiveCfg = net40|Any CPU
		{F9B062A7-8C6E-4614-95AA-893FC54CFF59}.net40|Any CPU.Build.0 = net40|Any CPU
		{F9B062A7-8C6E-4614-95AA-893FC54CFF59}.net45|Any CPU.ActiveCfg = Release-NET45|Any CPU
		{F9B062A7-8C6E-4614-95AA-893FC54CFF59}.net45|Any CPU.Build.0 = Release-NET45|Any CPU
		{F9B062A7-8C6E-4614-95AA-893FC54CFF59}.net451|Any CPU.ActiveCfg = net451|Any CPU
		{F9B062A7-8C6E-4614-95AA-893FC54CFF59}.net451|Any CPU.Build.0 = net451|Any CPU
		{F9B062A7-8C6E-4614-95AA-893FC54CFF59}.Release|Any CPU.ActiveCfg = Release|Any CPU
		{F9B062A7-8C6E-4614-95AA-893FC54CFF59}.Release|Any CPU.Build.0 = Release|Any CPU
	EndGlobalSection
	GlobalSection(SolutionProperties) = preSolution
		HideSolutionNode = FALSE
	EndGlobalSection
	GlobalSection(ExtensibilityGlobals) = postSolution
		SolutionGuid = {EAA496CC-4D69-4AB9-96B8-A45BC245E921}
	EndGlobalSection
EndGlobal
