
Microsoft Visual Studio Solution File, Format Version 12.00
# Visual Studio 15
VisualStudioVersion = 15.0.28010.2041
MinimumVisualStudioVersion = 10.0.40219.1
Project("{9A19103F-16F7-4668-BE54-9A1E7A4F7556}") = "Holidays", "Holidays.Core\Holidays.csproj", "{31DDC661-AC6A-45F1-990C-04D00BE9F779}"
EndProject
Project("{9A19103F-16F7-4668-BE54-9A1E7A4F7556}") = "Holidays.Tests", "Holidays.Core.Tests\Holidays.Tests.csproj", "{5D1BB82A-BF1F-4EE6-BB5B-77A76C34EA75}"
EndProject
Global
	GlobalSection(SolutionConfigurationPlatforms) = preSolution
		Debug|Any CPU = Debug|Any CPU
		net40|Any CPU = net40|Any CPU
		net45|Any CPU = net45|Any CPU
		net451|Any CPU = net451|Any CPU
		Release|Any CPU = Release|Any CPU
	EndGlobalSection
	GlobalSection(ProjectConfigurationPlatforms) = postSolution
		{31DDC661-AC6A-45F1-990C-04D00BE9F779}.Debug|Any CPU.ActiveCfg = Debug|Any CPU
		{31DDC661-AC6A-45F1-990C-04D00BE9F779}.Debug|Any CPU.Build.0 = Debug|Any CPU
		{31DDC661-AC6A-45F1-990C-04D00BE9F779}.net40|Any CPU.ActiveCfg = Debug|Any CPU
		{31DDC661-AC6A-45F1-990C-04D00BE9F779}.net40|Any CPU.Build.0 = Debug|Any CPU
		{31DDC661-AC6A-45F1-990C-04D00BE9F779}.net45|Any CPU.ActiveCfg = Debug|Any CPU
		{31DDC661-AC6A-45F1-990C-04D00BE9F779}.net45|Any CPU.Build.0 = Debug|Any CPU
		{31DDC661-AC6A-45F1-990C-04D00BE9F779}.net451|Any CPU.ActiveCfg = Debug|Any CPU
		{31DDC661-AC6A-45F1-990C-04D00BE9F779}.net451|Any CPU.Build.0 = Debug|Any CPU
		{31DDC661-AC6A-45F1-990C-04D00BE9F779}.Release|Any CPU.ActiveCfg = Release|Any CPU
		{31DDC661-AC6A-45F1-990C-04D00BE9F779}.Release|Any CPU.Build.0 = Release|Any CPU
		{5D1BB82A-BF1F-4EE6-BB5B-77A76C34EA75}.Debug|Any CPU.ActiveCfg = Debug|Any CPU
		{5D1BB82A-BF1F-4EE6-BB5B-77A76C34EA75}.Debug|Any CPU.Build.0 = Debug|Any CPU
		{5D1BB82A-BF1F-4EE6-BB5B-77A76C34EA75}.net40|Any CPU.ActiveCfg = Debug|Any CPU
		{5D1BB82A-BF1F-4EE6-BB5B-77A76C34EA75}.net40|Any CPU.Build.0 = Debug|Any CPU
		{5D1BB82A-BF1F-4EE6-BB5B-77A76C34EA75}.net45|Any CPU.ActiveCfg = Debug|Any CPU
		{5D1BB82A-BF1F-4EE6-BB5B-77A76C34EA75}.net45|Any CPU.Build.0 = Debug|Any CPU
		{5D1BB82A-BF1F-4EE6-BB5B-77A76C34EA75}.net451|Any CPU.ActiveCfg = Debug|Any CPU
		{5D1BB82A-BF1F-4EE6-BB5B-77A76C34EA75}.net451|Any CPU.Build.0 = Debug|Any CPU
		{5D1BB82A-BF1F-4EE6-BB5B-77A76C34EA75}.Release|Any CPU.ActiveCfg = Release|Any CPU
		{5D1BB82A-BF1F-4EE6-BB5B-77A76C34EA75}.Release|Any CPU.Build.0 = Release|Any CPU
	EndGlobalSection
	GlobalSection(SolutionProperties) = preSolution
		HideSolutionNode = FALSE
	EndGlobalSection
	GlobalSection(ExtensibilityGlobals) = postSolution
		SolutionGuid = {EAA496CC-4D69-4AB9-96B8-A45BC245E921}
	EndGlobalSection
EndGlobal
